Microsoft Visual Studio Solution File, Format Version 11.00
# Visual Studio 2008

Project("{4727FCC1-F1A7-F963-EAB0-6DE07A8BDC10}") = "AI Companion", "Assembly-CSharp.csproj", "{68FF0C1C-D76A-3C8E-D409-4565A21CBAC4}"
EndProject
Project("{4727FCC1-F1A7-F963-EAB0-6DE07A8BDC10}") = "AI Companion", "Assembly-CSharp-Editor.csproj", "{50662956-C492-2D62-07C9-8FCE37463C0D}"
EndProject
Global
	GlobalSection(SolutionConfigurationPlatforms) = preSolution
		Debug|Any CPU = Debug|Any CPU
		Release|Any CPU = Release|Any CPU
	EndGlobalSection
	GlobalSection(ProjectConfigurationPlatforms) = postSolution
		{68FF0C1C-D76A-3C8E-D409-4565A21CBAC4}.Debug|Any CPU.ActiveCfg = Debug|Any CPU
		{68FF0C1C-D76A-3C8E-D409-4565A21CBAC4}.Debug|Any CPU.Build.0 = Debug|Any CPU
		{68FF0C1C-D76A-3C8E-D409-4565A21CBAC4}.Release|Any CPU.ActiveCfg = Release|Any CPU
		{68FF0C1C-D76A-3C8E-D409-4565A21CBAC4}.Release|Any CPU.Build.0 = Release|Any CPU
		{50662956-C492-2D62-07C9-8FCE37463C0D}.Debug|Any CPU.ActiveCfg = Debug|Any CPU
		{50662956-C492-2D62-07C9-8FCE37463C0D}.Debug|Any CPU.Build.0 = Debug|Any CPU
		{50662956-C492-2D62-07C9-8FCE37463C0D}.Release|Any CPU.ActiveCfg = Release|Any CPU
		{50662956-C492-2D62-07C9-8FCE37463C0D}.Release|Any CPU.Build.0 = Release|Any CPU
	EndGlobalSection
	GlobalSection(SolutionProperties) = preSolution
		HideSolutionNode = FALSE
	EndGlobalSection
	GlobalSection(MonoDevelopProperties) = preSolution
		StartupItem = Assembly-CSharp.csproj
	EndGlobalSection
EndGlobal
