
Microsoft Visual Studio Solution File, Format Version 12.00
# Visual Studio 2015
Project("{FAE04EC0-301F-11D3-BF4B-00C04F79EFBC}") = "AI Companion.CSharp", "AI Companion.CSharp.csproj", "{7495B36B-2CC3-476A-E910-D5B02A0E6310}"
EndProject
Project("{FAE04EC0-301F-11D3-BF4B-00C04F79EFBC}") = "AI Companion.CSharp.Editor", "AI Companion.CSharp.Editor.csproj", "{B7764ED9-5251-71E5-85FA-7F3800FCAD9A}"
EndProject
Global
	GlobalSection(SolutionConfigurationPlatforms) = preSolution
		Debug|Any CPU = Debug|Any CPU
		Release|Any CPU = Release|Any CPU
	EndGlobalSection
	GlobalSection(ProjectConfigurationPlatforms) = postSolution
		{7495B36B-2CC3-476A-E910-D5B02A0E6310}.Debug|Any CPU.ActiveCfg = Debug|Any CPU
		{7495B36B-2CC3-476A-E910-D5B02A0E6310}.Debug|Any CPU.Build.0 = Debug|Any CPU
		{7495B36B-2CC3-476A-E910-D5B02A0E6310}.Release|Any CPU.ActiveCfg = Release|Any CPU
		{7495B36B-2CC3-476A-E910-D5B02A0E6310}.Release|Any CPU.Build.0 = Release|Any CPU
		{B7764ED9-5251-71E5-85FA-7F3800FCAD9A}.Debug|Any CPU.ActiveCfg = Debug|Any CPU
		{B7764ED9-5251-71E5-85FA-7F3800FCAD9A}.Debug|Any CPU.Build.0 = Debug|Any CPU
		{B7764ED9-5251-71E5-85FA-7F3800FCAD9A}.Release|Any CPU.ActiveCfg = Release|Any CPU
		{B7764ED9-5251-71E5-85FA-7F3800FCAD9A}.Release|Any CPU.Build.0 = Release|Any CPU
	EndGlobalSection
	GlobalSection(SolutionProperties) = preSolution
		HideSolutionNode = FALSE
	EndGlobalSection
EndGlobal
